<?xml version="1.0" encoding="utf-8"?>
<Project ToolsVersion="4.0" xmlns="http://schemas.microsoft.com/developer/msbuild/2003">
  <ItemGroup>
    <Filter Include="Common-Code">
      <UniqueIdentifier>{07d214ea-5fb4-4464-ba87-9748924e5c7d}</UniqueIdentifier>
    </Filter>
    <Filter Include="Common-Code\Headers">
      <UniqueIdentifier>{f71d5abb-9bfb-49a1-bdf0-fec68d6a054c}</UniqueIdentifier>
    </Filter>
    <Filter Include="Tests">
      <UniqueIdentifier>{14a440ad-c7ff-44d5-a565-dc35f3fd2f11}</UniqueIdentifier>
    </Filter>
    <Filter Include="Tests\Headers">
      <UniqueIdentifier>{145ed46d-20dc-44ff-88db-bfe3aa794c5f}</UniqueIdentifier>
    </Filter>
    <Filter Include="Tests\Source">
      <UniqueIdentifier>{c2b0d8a1-3b9f-49ec-a8a5-9038361361a6}</UniqueIdentifier>
    </Filter>
  </ItemGroup>
  <ItemGroup>
    <ClCompile Include="Source\RunTests.cpp">
      <Filter>Tests\Source</Filter>
    </ClCompile>
  </ItemGroup>
  <ItemGroup>
    <ClInclude Include="..\Common-Code\Headers\Macros.h">
      <Filter>Common-Code\Headers</Filter>
    </ClInclude>
    <ClInclude Include="..\Common-Code\Headers\StringUtil.h">
      <Filter>Common-Code\Headers</Filter>
    </ClInclude>
    <ClInclude Include="..\Common-Code\Headers\Types.h">
      <Filter>Common-Code\Headers</Filter>
    </ClInclude>
  </ItemGroup>
</Project>